
Microsoft Visual Studio Solution File, Format Version 12.00
# Visual Studio Version 16
VisualStudioVersion = 16.0.31321.278
MinimumVisualStudioVersion = 10.0.40219.1
Project("{FAE04EC0-301F-11D3-BF4B-00C04F79EFBC}") = "Projeto_Livraria.Server", "Projeto_Livraria\Server\Projeto_Livraria.Server.csproj", "{9EEDB895-BE80-4CBE-A18E-99BEE5DED8B8}"
EndProject
Project("{FAE04EC0-301F-11D3-BF4B-00C04F79EFBC}") = "Projeto_Livraria.Client", "Projeto_Livraria\Client\Projeto_Livraria.Client.csproj", "{3CBCF596-DF69-4595-A13B-88D06C821E36}"
EndProject
Project("{FAE04EC0-301F-11D3-BF4B-00C04F79EFBC}") = "Projeto_Livraria.Shared", "Projeto_Livraria\Shared\Projeto_Livraria.Shared.csproj", "{CE53117D-3510-4520-853D-F10A7CE5C15F}"
EndProject
Global
	GlobalSection(SolutionConfigurationPlatforms) = preSolution
		Debug|Any CPU = Debug|Any CPU
		Release|Any CPU = Release|Any CPU
	EndGlobalSection
	GlobalSection(ProjectConfigurationPlatforms) = postSolution
		{9EEDB895-BE80-4CBE-A18E-99BEE5DED8B8}.Debug|Any CPU.ActiveCfg = Debug|Any CPU
		{9EEDB895-BE80-4CBE-A18E-99BEE5DED8B8}.Debug|Any CPU.Build.0 = Debug|Any CPU
		{9EEDB895-BE80-4CBE-A18E-99BEE5DED8B8}.Release|Any CPU.ActiveCfg = Release|Any CPU
		{9EEDB895-BE80-4CBE-A18E-99BEE5DED8B8}.Release|Any CPU.Build.0 = Release|Any CPU
		{3CBCF596-DF69-4595-A13B-88D06C821E36}.Debug|Any CPU.ActiveCfg = Debug|Any CPU
		{3CBCF596-DF69-4595-A13B-88D06C821E36}.Debug|Any CPU.Build.0 = Debug|Any CPU
		{3CBCF596-DF69-4595-A13B-88D06C821E36}.Release|Any CPU.ActiveCfg = Release|Any CPU
		{3CBCF596-DF69-4595-A13B-88D06C821E36}.Release|Any CPU.Build.0 = Release|Any CPU
		{CE53117D-3510-4520-853D-F10A7CE5C15F}.Debug|Any CPU.ActiveCfg = Debug|Any CPU
		{CE53117D-3510-4520-853D-F10A7CE5C15F}.Debug|Any CPU.Build.0 = Debug|Any CPU
		{CE53117D-3510-4520-853D-F10A7CE5C15F}.Release|Any CPU.ActiveCfg = Release|Any CPU
		{CE53117D-3510-4520-853D-F10A7CE5C15F}.Release|Any CPU.Build.0 = Release|Any CPU
	EndGlobalSection
	GlobalSection(SolutionProperties) = preSolution
		HideSolutionNode = FALSE
	EndGlobalSection
	GlobalSection(ExtensibilityGlobals) = postSolution
		SolutionGuid = {DC840FA1-AD53-41CB-BA52-04AD946D9A54}
	EndGlobalSection
EndGlobal
