
Microsoft Visual Studio Solution File, Format Version 12.00
# Visual Studio Version 16
VisualStudioVersion = 16.0.31321.278
MinimumVisualStudioVersion = 10.0.40219.1
Project("{FAE04EC0-301F-11D3-BF4B-00C04F79EFBC}") = "Revisao_CursoMacoratti.Server", "Revisao_CursoMacoratti\Server\Revisao_CursoMacoratti.Server.csproj", "{3D98C802-C0DD-492E-9260-2EB6F0F4E0B7}"
EndProject
Project("{FAE04EC0-301F-11D3-BF4B-00C04F79EFBC}") = "Revisao_CursoMacoratti.Client", "Revisao_CursoMacoratti\Client\Revisao_CursoMacoratti.Client.csproj", "{8957154D-18E6-4DC6-B4C8-9FC9CF62437B}"
EndProject
Project("{FAE04EC0-301F-11D3-BF4B-00C04F79EFBC}") = "Revisao_CursoMacoratti.Shared", "Revisao_CursoMacoratti\Shared\Revisao_CursoMacoratti.Shared.csproj", "{6E7A7341-1E37-44DA-8ED1-C3C9145AEFA2}"
EndProject
Global
	GlobalSection(SolutionConfigurationPlatforms) = preSolution
		Debug|Any CPU = Debug|Any CPU
		Release|Any CPU = Release|Any CPU
	EndGlobalSection
	GlobalSection(ProjectConfigurationPlatforms) = postSolution
		{3D98C802-C0DD-492E-9260-2EB6F0F4E0B7}.Debug|Any CPU.ActiveCfg = Debug|Any CPU
		{3D98C802-C0DD-492E-9260-2EB6F0F4E0B7}.Debug|Any CPU.Build.0 = Debug|Any CPU
		{3D98C802-C0DD-492E-9260-2EB6F0F4E0B7}.Release|Any CPU.ActiveCfg = Release|Any CPU
		{3D98C802-C0DD-492E-9260-2EB6F0F4E0B7}.Release|Any CPU.Build.0 = Release|Any CPU
		{8957154D-18E6-4DC6-B4C8-9FC9CF62437B}.Debug|Any CPU.ActiveCfg = Debug|Any CPU
		{8957154D-18E6-4DC6-B4C8-9FC9CF62437B}.Debug|Any CPU.Build.0 = Debug|Any CPU
		{8957154D-18E6-4DC6-B4C8-9FC9CF62437B}.Release|Any CPU.ActiveCfg = Release|Any CPU
		{8957154D-18E6-4DC6-B4C8-9FC9CF62437B}.Release|Any CPU.Build.0 = Release|Any CPU
		{6E7A7341-1E37-44DA-8ED1-C3C9145AEFA2}.Debug|Any CPU.ActiveCfg = Debug|Any CPU
		{6E7A7341-1E37-44DA-8ED1-C3C9145AEFA2}.Debug|Any CPU.Build.0 = Debug|Any CPU
		{6E7A7341-1E37-44DA-8ED1-C3C9145AEFA2}.Release|Any CPU.ActiveCfg = Release|Any CPU
		{6E7A7341-1E37-44DA-8ED1-C3C9145AEFA2}.Release|Any CPU.Build.0 = Release|Any CPU
	EndGlobalSection
	GlobalSection(SolutionProperties) = preSolution
		HideSolutionNode = FALSE
	EndGlobalSection
	GlobalSection(ExtensibilityGlobals) = postSolution
		SolutionGuid = {97ABB661-786D-4A4A-9A39-F9C9EBBAC46E}
	EndGlobalSection
EndGlobal
