
Microsoft Visual Studio Solution File, Format Version 12.00
# Visual Studio Version 16
VisualStudioVersion = 16.0.31313.79
MinimumVisualStudioVersion = 10.0.40219.1
Project("{FAE04EC0-301F-11D3-BF4B-00C04F79EFBC}") = "Blazor_Forms1", "Blazor_Forms1\Blazor_Forms1.csproj", "{8D54F74B-9AC7-4023-84E6-031ED7131E29}"
EndProject
Global
	GlobalSection(SolutionConfigurationPlatforms) = preSolution
		Debug|Any CPU = Debug|Any CPU
		Release|Any CPU = Release|Any CPU
	EndGlobalSection
	GlobalSection(ProjectConfigurationPlatforms) = postSolution
		{8D54F74B-9AC7-4023-84E6-031ED7131E29}.Debug|Any CPU.ActiveCfg = Debug|Any CPU
		{8D54F74B-9AC7-4023-84E6-031ED7131E29}.Debug|Any CPU.Build.0 = Debug|Any CPU
		{8D54F74B-9AC7-4023-84E6-031ED7131E29}.Release|Any CPU.ActiveCfg = Release|Any CPU
		{8D54F74B-9AC7-4023-84E6-031ED7131E29}.Release|Any CPU.Build.0 = Release|Any CPU
	EndGlobalSection
	GlobalSection(SolutionProperties) = preSolution
		HideSolutionNode = FALSE
	EndGlobalSection
	GlobalSection(ExtensibilityGlobals) = postSolution
		SolutionGuid = {9815C9F1-BCFA-4B46-9C6B-BDC381ED2A1B}
	EndGlobalSection
EndGlobal
