
Microsoft Visual Studio Solution File, Format Version 12.00
# Visual Studio Version 16
VisualStudioVersion = 16.0.31313.79
MinimumVisualStudioVersion = 10.0.40219.1
Project("{FAE04EC0-301F-11D3-BF4B-00C04F79EFBC}") = "Blazor_Rotas", "Blazor_Rotas\Blazor_Rotas.csproj", "{0AA9E2D7-2C84-4E53-8DEA-E392A9E63153}"
EndProject
Global
	GlobalSection(SolutionConfigurationPlatforms) = preSolution
		Debug|Any CPU = Debug|Any CPU
		Release|Any CPU = Release|Any CPU
	EndGlobalSection
	GlobalSection(ProjectConfigurationPlatforms) = postSolution
		{0AA9E2D7-2C84-4E53-8DEA-E392A9E63153}.Debug|Any CPU.ActiveCfg = Debug|Any CPU
		{0AA9E2D7-2C84-4E53-8DEA-E392A9E63153}.Debug|Any CPU.Build.0 = Debug|Any CPU
		{0AA9E2D7-2C84-4E53-8DEA-E392A9E63153}.Release|Any CPU.ActiveCfg = Release|Any CPU
		{0AA9E2D7-2C84-4E53-8DEA-E392A9E63153}.Release|Any CPU.Build.0 = Release|Any CPU
	EndGlobalSection
	GlobalSection(SolutionProperties) = preSolution
		HideSolutionNode = FALSE
	EndGlobalSection
	GlobalSection(ExtensibilityGlobals) = postSolution
		SolutionGuid = {0EE749EF-70B0-4B1B-9B9B-5B91CA38A2B6}
	EndGlobalSection
EndGlobal
